# THIS IS AN AUTOGENERATED FILE. DO NOT EDIT THIS FILE DIRECTLY.
# yarn lockfile v1
# yarn v0.25.2
# node v6.10.3


"@oliversalzburg/dependency@^1.0.0":
  version "1.0.0"
  resolved "https://registry.yarnpkg.com/@oliversalzburg/dependency/-/dependency-1.0.0.tgz#0f5d66e28d8b973ab72ee447c3e4d2bb73f55dc9"
